{
  "name": "ktaCCEncrypt",
  "version": "1.0.0",
  "lockfileVersion": 2,
  "requires": true,
  "packages": {
    "": {
      "name": "ktaCCEncrypt",
      "version": "1.0.0",
      "license": "ISC",
      "dependencies": {
        "node-navigator": "^1.0.1",
        "pidcrypt": "^0.0.33"
      }
    },
    "node_modules/node-navigator": {
      "version": "1.0.1",
      "resolved": "https://registry.npmjs.org/node-navigator/-/node-navigator-1.0.1.tgz",
      "integrity": "sha512-8CWewicTxmE9bbLywi/TIn4QgT8QYikmnNiMIMx+FHTsizZBLcsl4nQUR8zK9DCljwNssjTIaqreVibmhqSvyQ=="
    },
    "node_modules/pidcrypt": {
      "version": "0.0.33",
      "resolved": "https://registry.npmjs.org/pidcrypt/-/pidcrypt-0.0.33.tgz",
      "integrity": "sha512-X7JT4K41LuP1HP9kedQ5s/IUf0osB8gXCXvlKAvzA4h7F4lTDaXWUNYfHMhZgPhehTxxzRq3ilr4OMtSPIMYeA=="
    }
  },
  "dependencies": {
    "node-navigator": {
      "version": "1.0.1",
      "resolved": "https://registry.npmjs.org/node-navigator/-/node-navigator-1.0.1.tgz",
      "integrity": "sha512-8CWewicTxmE9bbLywi/TIn4QgT8QYikmnNiMIMx+FHTsizZBLcsl4nQUR8zK9DCljwNssjTIaqreVibmhqSvyQ=="
    },
    "pidcrypt": {
      "version": "0.0.33",
      "resolved": "https://registry.npmjs.org/pidcrypt/-/pidcrypt-0.0.33.tgz",
      "integrity": "sha512-X7JT4K41LuP1HP9kedQ5s/IUf0osB8gXCXvlKAvzA4h7F4lTDaXWUNYfHMhZgPhehTxxzRq3ilr4OMtSPIMYeA=="
    }
  }
}
